// !$*UTF8*$!
{
	archiveVersion = 1;
	classes = {
	};
	objectVersion = 56;
	objects = {

/* Begin PBXBuildFile section */
		3A1E3F012C00000000000001 /* SalonSparkAIApp.swift in Sources */ = {isa = PBXBuildFile; fileRef = 3A1E3F002C00000000000001 /* SalonSparkAIApp.swift */; };
		3A1E3F032C00000000000002 /* ContentView.swift in Sources */ = {isa = PBXBuildFile; fileRef = 3A1E3F022C00000000000002 /* ContentView.swift */; };
		3A1E3F052C00000000000003 /* Assets.xcassets in Resources */ = {isa = PBXBuildFile; fileRef = 3A1E3F042C00000000000003 /* Assets.xcassets */; };
		3A1E3F082C00000000000004 /* Preview Assets.xcassets in Resources */ = {isa = PBXBuildFile; fileRef = 3A1E3F072C00000000000004 /* Preview Assets.xcassets */; };
		3A1E3F0F2C00000000000005 /* OnboardingView.swift in Sources */ = {isa = PBXBuildFile; fileRef = 3A1E3F0E2C00000000000005 /* OnboardingView.swift */; };
		3A1E3F112C00000000000006 /* DashboardView.swift in Sources */ = {isa = PBXBuildFile; fileRef = 3A1E3F102C00000000000006 /* DashboardView.swift */; };
		3A1E3F132C00000000000007 /* Appointment.swift in Sources */ = {isa = PBXBuildFile; fileRef = 3A1E3F122C00000000000007 /* Appointment.swift */; };
		3A1E3F152C00000000000008 /* EmptySlot.swift in Sources */ = {isa = PBXBuildFile; fileRef = 3A1E3F142C00000000000008 /* EmptySlot.swift */; };
		3A1E3F172C00000000000009 /* AIInsight.swift in Sources */ = {isa = PBXBuildFile; fileRef = 3A1E3F162C00000000000009 /* AIInsight.swift */; };
		3A1E3F192C00000000000010 /* StatsCardView.swift in Sources */ = {isa = PBXBuildFile; fileRef = 3A1E3F182C00000000000010 /* StatsCardView.swift */; };
		3A1E3F1B2C00000000000011 /* HeaderView.swift in Sources */ = {isa = PBXBuildFile; fileRef = 3A1E3F1A2C00000000000011 /* HeaderView.swift */; };
		3A1E3F1D2C00000000000012 /* DashboardViewModel.swift in Sources */ = {isa = PBXBuildFile; fileRef = 3A1E3F1C2C00000000000012 /* DashboardViewModel.swift */; };
		3A1E3F1F2C00000000000013 /* QuickAction.swift in Sources */ = {isa = PBXBuildFile; fileRef = 3A1E3F1E2C00000000000013 /* QuickAction.swift */; };
		3A1E3F212C00000000000014 /* QuickActionsView.swift in Sources */ = {isa = PBXBuildFile; fileRef = 3A1E3F202C00000000000014 /* QuickActionsView.swift */; };
		3A1E3F232C00000000000015 /* EmptySlotsView.swift in Sources */ = {isa = PBXBuildFile; fileRef = 3A1E3F222C00000000000015 /* EmptySlotsView.swift */; };
		3A1E3F252C00000000000016 /* AIInsightsView.swift in Sources */ = {isa = PBXBuildFile; fileRef = 3A1E3F242C00000000000016 /* AIInsightsView.swift */; };
		3A1E3F272C00000000000017 /* UpcomingAppointmentsView.swift in Sources */ = {isa = PBXBuildFile; fileRef = 3A1E3F262C00000000000017 /* UpcomingAppointmentsView.swift */; };
		3A1E3F292C00000000000018 /* MobileNavView.swift in Sources */ = {isa = PBXBuildFile; fileRef = 3A1E3F282C00000000000018 /* MobileNavView.swift */; };
		3A1E3F2B2C00000000000019 /* ColorExtensions.swift in Sources */ = {isa = PBXBuildFile; fileRef = 3A1E3F2A2C00000000000019 /* ColorExtensions.swift */; };
		3A1E3F2D2C00000000000020 /* ViewExtensions.swift in Sources */ = {isa = PBXBuildFile; fileRef = 3A1E3F2C2C00000000000020 /* ViewExtensions.swift */; };
/* End PBXBuildFile section */

/* Begin PBXFileReference section */
		3A1E3EFD2C00000000000000 /* SalonSparkAI.app */ = {isa = PBXFileReference; explicitFileType = wrapper.application; includeInIndex = 0; path = SalonSparkAI.app; sourceTree = BUILT_PRODUCTS_DIR; };
		3A1E3F002C00000000000001 /* SalonSparkAIApp.swift */ = {isa = PBXFileReference; lastKnownFileType = sourcecode.swift; path = SalonSparkAIApp.swift; sourceTree = "<group>"; };
		3A1E3F022C00000000000002 /* ContentView.swift */ = {isa = PBXFileReference; lastKnownFileType = sourcecode.swift; path = ContentView.swift; sourceTree = "<group>"; };
		3A1E3F042C00000000000003 /* Assets.xcassets */ = {isa = PBXFileReference; lastKnownFileType = folder.assetcatalog; path = Assets.xcassets; sourceTree = "<group>"; };
		3A1E3F072C00000000000004 /* Preview Assets.xcassets */ = {isa = PBXFileReference; lastKnownFileType = folder.assetcatalog; path = "Preview Assets.xcassets"; sourceTree = "<group>"; };
		3A1E3F0E2C00000000000005 /* OnboardingView.swift */ = {isa = PBXFileReference; lastKnownFileType = sourcecode.swift; path = OnboardingView.swift; sourceTree = "<group>"; };
		3A1E3F102C00000000000006 /* DashboardView.swift */ = {isa = PBXFileReference; lastKnownFileType = sourcecode.swift; path = DashboardView.swift; sourceTree = "<group>"; };
		3A1E3F122C00000000000007 /* Appointment.swift */ = {isa = PBXFileReference; lastKnownFileType = sourcecode.swift; path = Appointment.swift; sourceTree = "<group>"; };
		3A1E3F142C00000000000008 /* EmptySlot.swift */ = {isa = PBXFileReference; lastKnownFileType = sourcecode.swift; path = EmptySlot.swift; sourceTree = "<group>"; };
		3A1E3F162C00000000000009 /* AIInsight.swift */ = {isa = PBXFileReference; lastKnownFileType = sourcecode.swift; path = AIInsight.swift; sourceTree = "<group>"; };
		3A1E3F182C00000000000010 /* StatsCardView.swift */ = {isa = PBXFileReference; lastKnownFileType = sourcecode.swift; path = StatsCardView.swift; sourceTree = "<group>"; };
		3A1E3F1A2C00000000000011 /* HeaderView.swift */ = {isa = PBXFileReference; lastKnownFileType = sourcecode.swift; path = HeaderView.swift; sourceTree = "<group>"; };
		3A1E3F1C2C00000000000012 /* DashboardViewModel.swift */ = {isa = PBXFileReference; lastKnownFileType = sourcecode.swift; path = DashboardViewModel.swift; sourceTree = "<group>"; };
		3A1E3F1E2C00000000000013 /* QuickAction.swift */ = {isa = PBXFileReference; lastKnownFileType = sourcecode.swift; path = QuickAction.swift; sourceTree = "<group>"; };
		3A1E3F202C00000000000014 /* QuickActionsView.swift */ = {isa = PBXFileReference; lastKnownFileType = sourcecode.swift; path = QuickActionsView.swift; sourceTree = "<group>"; };
		3A1E3F222C00000000000015 /* EmptySlotsView.swift */ = {isa = PBXFileReference; lastKnownFileType = sourcecode.swift; path = EmptySlotsView.swift; sourceTree = "<group>"; };
		3A1E3F242C00000000000016 /* AIInsightsView.swift */ = {isa = PBXFileReference; lastKnownFileType = sourcecode.swift; path = AIInsightsView.swift; sourceTree = "<group>"; };
		3A1E3F262C00000000000017 /* UpcomingAppointmentsView.swift */ = {isa = PBXFileReference; lastKnownFileType = sourcecode.swift; path = UpcomingAppointmentsView.swift; sourceTree = "<group>"; };
		3A1E3F282C00000000000018 /* MobileNavView.swift */ = {isa = PBXFileReference; lastKnownFileType = sourcecode.swift; path = MobileNavView.swift; sourceTree = "<group>"; };
		3A1E3F2A2C00000000000019 /* ColorExtensions.swift */ = {isa = PBXFileReference; lastKnownFileType = sourcecode.swift; path = ColorExtensions.swift; sourceTree = "<group>"; };
		3A1E3F2C2C00000000000020 /* ViewExtensions.swift */ = {isa = PBXFileReference; lastKnownFileType = sourcecode.swift; path = ViewExtensions.swift; sourceTree = "<group>"; };
/* End PBXFileReference section */

/* Begin PBXFrameworksBuildPhase section */
		3A1E3EFA2C00000000000021 /* Frameworks */ = {
			isa = PBXFrameworksBuildPhase;
			buildActionMask = 2147483647;
			files = (
			);
			runOnlyForDeploymentPostprocessing = 0;
		};
/* End PBXFrameworksBuildPhase section */

/* Begin PBXGroup section */
		3A1E3EF42C00000000000022 = {
			isa = PBXGroup;
			children = (
				3A1E3EFF2C00000000000023 /* SalonSparkAI */,
				3A1E3EFE2C00000000000024 /* Products */,
			);
			sourceTree = "<group>";
		};
		3A1E3EFE2C00000000000024 /* Products */ = {
			isa = PBXGroup;
			children = (
				3A1E3EFD2C00000000000000 /* SalonSparkAI.app */,
			);
			name = Products;
			sourceTree = "<group>";
		};
		3A1E3EFF2C00000000000023 /* SalonSparkAI */ = {
			isa = PBXGroup;
			children = (
				3A1E3F002C00000000000001 /* SalonSparkAIApp.swift */,
				3A1E3F2E2C00000000000025 /* Views */,
				3A1E3F2F2C00000000000026 /* ViewModels */,
				3A1E3F302C00000000000027 /* Models */,
				3A1E3F312C00000000000028 /* Components */,
				3A1E3F322C00000000000029 /* Utilities */,
				3A1E3F042C00000000000003 /* Assets.xcassets */,
				3A1E3F062C00000000000030 /* Preview Content */,
			);
			path = SalonSparkAI;
			sourceTree = "<group>";
		};
		3A1E3F062C00000000000030 /* Preview Content */ = {
			isa = PBXGroup;
			children = (
				3A1E3F072C00000000000004 /* Preview Assets.xcassets */,
			);
			path = "Preview Content";
			sourceTree = "<group>";
		};
		3A1E3F2E2C00000000000025 /* Views */ = {
			isa = PBXGroup;
			children = (
				3A1E3F022C00000000000002 /* ContentView.swift */,
				3A1E3F0E2C00000000000005 /* OnboardingView.swift */,
				3A1E3F102C00000000000006 /* DashboardView.swift */,
			);
			path = Views;
			sourceTree = "<group>";
		};
		3A1E3F2F2C00000000000026 /* ViewModels */ = {
			isa = PBXGroup;
			children = (
				3A1E3F1C2C00000000000012 /* DashboardViewModel.swift */,
			);
			path = ViewModels;
			sourceTree = "<group>";
		};
		3A1E3F302C00000000000027 /* Models */ = {
			isa = PBXGroup;
			children = (
				3A1E3F122C00000000000007 /* Appointment.swift */,
				3A1E3F142C00000000000008 /* EmptySlot.swift */,
				3A1E3F162C00000000000009 /* AIInsight.swift */,
				3A1E3F1E2C00000000000013 /* QuickAction.swift */,
			);
			path = Models;
			sourceTree = "<group>";
		};
		3A1E3F312C00000000000028 /* Components */ = {
			isa = PBXGroup;
			children = (
				3A1E3F182C00000000000010 /* StatsCardView.swift */,
				3A1E3F1A2C00000000000011 /* HeaderView.swift */,
				3A1E3F202C00000000000014 /* QuickActionsView.swift */,
				3A1E3F222C00000000000015 /* EmptySlotsView.swift */,
				3A1E3F242C00000000000016 /* AIInsightsView.swift */,
				3A1E3F262C00000000000017 /* UpcomingAppointmentsView.swift */,
				3A1E3F282C00000000000018 /* MobileNavView.swift */,
			);
			path = Components;
			sourceTree = "<group>";
		};
		3A1E3F322C00000000000029 /* Utilities */ = {
			isa = PBXGroup;
			children = (
				3A1E3F2A2C00000000000019 /* ColorExtensions.swift */,
				3A1E3F2C2C00000000000020 /* ViewExtensions.swift */,
			);
			path = Utilities;
			sourceTree = "<group>";
		};
/* End PBXGroup section */

/* Begin PBXNativeTarget section */
		3A1E3EFC2C00000000000031 /* SalonSparkAI */ = {
			isa = PBXNativeTarget;
			buildConfigurationList = 3A1E3F0B2C00000000000032 /* Build configuration list for PBXNativeTarget "SalonSparkAI" */;
			buildPhases = (
				3A1E3EF92C00000000000033 /* Sources */,
				3A1E3EFA2C00000000000021 /* Frameworks */,
				3A1E3EFB2C00000000000034 /* Resources */,
			);
			buildRules = (
			);
			dependencies = (
			);
			name = SalonSparkAI;
			productName = SalonSparkAI;
			productReference = 3A1E3EFD2C00000000000000 /* SalonSparkAI.app */;
			productType = "com.apple.product-type.application";
		};
/* End PBXNativeTarget section */

/* Begin PBXProject section */
		3A1E3EF52C00000000000035 /* Project object */ = {
			isa = PBXProject;
			attributes = {
				BuildIndependentTargetsInParallel = 1;
				LastSwiftUpdateCheck = 1500;
				LastUpgradeCheck = 1500;
				TargetAttributes = {
					3A1E3EFC2C00000000000031 = {
						CreatedOnToolsVersion = 15.0;
					};
				};
			};
			buildConfigurationList = 3A1E3EF82C00000000000036 /* Build configuration list for PBXProject "SalonSparkAI" */;
			compatibilityVersion = "Xcode 14.0";
			developmentRegion = en;
			hasScannedForEncodings = 0;
			knownRegions = (
				en,
				Base,
			);
			mainGroup = 3A1E3EF42C00000000000022;
			productRefGroup = 3A1E3EFE2C00000000000024 /* Products */;
			projectDirPath = "";
			projectRoot = "";
			targets = (
				3A1E3EFC2C00000000000031 /* SalonSparkAI */,
			);
		};
/* End PBXProject section */

/* Begin PBXResourcesBuildPhase section */
		3A1E3EFB2C00000000000034 /* Resources */ = {
			isa = PBXResourcesBuildPhase;
			buildActionMask = 2147483647;
			files = (
				3A1E3F082C00000000000004 /* Preview Assets.xcassets in Resources */,
				3A1E3F052C00000000000003 /* Assets.xcassets in Resources */,
			);
			runOnlyForDeploymentPostprocessing = 0;
		};
/* End PBXResourcesBuildPhase section */

/* Begin PBXSourcesBuildPhase section */
		3A1E3EF92C00000000000033 /* Sources */ = {
			isa = PBXSourcesBuildPhase;
			buildActionMask = 2147483647;
			files = (
				3A1E3F032C00000000000002 /* ContentView.swift in Sources */,
				3A1E3F1D2C00000000000012 /* DashboardViewModel.swift in Sources */,
				3A1E3F132C00000000000007 /* Appointment.swift in Sources */,
				3A1E3F012C00000000000001 /* SalonSparkAIApp.swift in Sources */,
				3A1E3F152C00000000000008 /* EmptySlot.swift in Sources */,
				3A1E3F172C00000000000009 /* AIInsight.swift in Sources */,
				3A1E3F192C00000000000010 /* StatsCardView.swift in Sources */,
				3A1E3F1B2C00000000000011 /* HeaderView.swift in Sources */,
				3A1E3F0F2C00000000000005 /* OnboardingView.swift in Sources */,
				3A1E3F112C00000000000006 /* DashboardView.swift in Sources */,
				3A1E3F1F2C00000000000013 /* QuickAction.swift in Sources */,
				3A1E3F212C00000000000014 /* QuickActionsView.swift in Sources */,
				3A1E3F232C00000000000015 /* EmptySlotsView.swift in Sources */,
				3A1E3F252C00000000000016 /* AIInsightsView.swift in Sources */,
				3A1E3F272C00000000000017 /* UpcomingAppointmentsView.swift in Sources */,
				3A1E3F292C00000000000018 /* MobileNavView.swift in Sources */,
				3A1E3F2B2C00000000000019 /* ColorExtensions.swift in Sources */,
				3A1E3F2D2C00000000000020 /* ViewExtensions.swift in Sources */,
			);
			runOnlyForDeploymentPostprocessing = 0;
		};
/* End PBXSourcesBuildPhase section */

/* Begin XCBuildConfiguration section */
		3A1E3F092C00000000000037 /* Debug */ = {
			isa = XCBuildConfiguration;
			buildSettings = {
				ALWAYS_SEARCH_USER_PATHS = NO;
				ASSETCATALOG_COMPILER_GENERATE_SWIFT_ASSET_SYMBOL_EXTENSIONS = YES;
				CLANG_ANALYZER_NONNULL = YES;
				CLANG_ANALYZER_NUMBER_OBJECT_CONVERSION = YES_AGGRESSIVE;
				CLANG_CXX_LANGUAGE_STANDARD = "gnu++20";
				CLANG_ENABLE_MODULES = YES;
				CLANG_ENABLE_OBJC_ARC = YES;
				CLANG_ENABLE_OBJC_WEAK = YES;
				CLANG_WARN_BLOCK_CAPTURE_AUTORELEASING = YES;
				CLANG_WARN_BOOL_CONVERSION = YES;
				CLANG_WARN_COMMA = YES;
				CLANG_WARN_CONSTANT_CONVERSION = YES;
				CLANG_WARN_DEPRECATED_OBJC_IMPLEMENTATIONS = YES;
				CLANG_WARN_DIRECT_OBJC_ISA_USAGE = YES_ERROR;
				CLANG_WARN_DOCUMENTATION_COMMENTS = YES;
				CLANG_WARN_EMPTY_BODY = YES;
				CLANG_WARN_ENUM_CONVERSION = YES;
				CLANG_WARN_INFINITE_RECURSION = YES;
				CLANG_WARN_INT_CONVERSION = YES;
				CLANG_WARN_NON_LITERAL_NULL_CONVERSION = YES;
				CLANG_WARN_OBJC_IMPLICIT_RETAIN_SELF = YES;
				CLANG_WARN_OBJC_LITERAL_CONVERSION = YES;
				CLANG_WARN_OBJC_ROOT_CLASS = YES_ERROR;
				CLANG_WARN_QUOTED_INCLUDE_IN_FRAMEWORK_HEADER = YES;
				CLANG_WARN_RANGE_LOOP_ANALYSIS = YES;
				CLANG_WARN_STRICT_PROTOTYPES = YES;
				CLANG_WARN_SUSPICIOUS_MOVE = YES;
				CLANG_WARN_UNGUARDED_AVAILABILITY = YES_AGGRESSIVE;
				CLANG_WARN_UNREACHABLE_CODE = YES;
				CLANG_WARN__DUPLICATE_METHOD_MATCH = YES;
				COPY_PHASE_STRIP = NO;
				DEBUG_INFORMATION_FORMAT = dwarf;
				ENABLE_STRICT_OBJC_MSGSEND = YES;
				ENABLE_TESTABILITY = YES;
				ENABLE_USER_SCRIPT_SANDBOXING = YES;
				GCC_C_LANGUAGE_STANDARD = gnu17;
				GCC_DYNAMIC_NO_PIC = NO;
				GCC_NO_COMMON_BLOCKS = YES;
				GCC_OPTIMIZATION_LEVEL = 0;
				GCC_PREPROCESSOR_DEFINITIONS = (
					"DEBUG=1",
					"$(inherited)",
				);
				GCC_WARN_64_TO_32_BIT_CONVERSION = YES;
				GCC_WARN_ABOUT_RETURN_TYPE = YES_ERROR;
				GCC_WARN_UNDECLARED_SELECTOR = YES;
				GCC_WARN_UNINITIALIZED_AUTOS = YES_AGGRESSIVE;
				GCC_WARN_UNUSED_FUNCTION = YES;
				GCC_WARN_UNUSED_VARIABLE = YES;
				IPHONEOS_DEPLOYMENT_TARGET = 17.0;
				LOCALIZATION_PREFERS_STRING_CATALOGS = YES;
				MTL_ENABLE_DEBUG_INFO = INCLUDE_SOURCE;
				MTL_FAST_MATH = YES;
				ONLY_ACTIVE_ARCH = YES;
				SDKROOT = iphoneos;
				SWIFT_ACTIVE_COMPILATION_CONDITIONS = "DEBUG $(inherited)";
				SWIFT_OPTIMIZATION_LEVEL = "-Onone";
			};
			name = Debug;
		};
		3A1E3F0A2C00000000000038 /* Release */ = {
			isa = XCBuildConfiguration;
			buildSettings = {
				ALWAYS_SEARCH_USER_PATHS = NO;
				ASSETCATALOG_COMPILER_GENERATE_SWIFT_ASSET_SYMBOL_EXTENSIONS = YES;
				CLANG_ANALYZER_NONNULL = YES;
				CLANG_ANALYZER_NUMBER_OBJECT_CONVERSION = YES_AGGRESSIVE;
				CLANG_CXX_LANGUAGE_STANDARD = "gnu++20";
				CLANG_ENABLE_MODULES = YES;
				CLANG_ENABLE_OBJC_ARC = YES;
				CLANG_ENABLE_OBJC_WEAK = YES;
				CLANG_WARN_BLOCK_CAPTURE_AUTORELEASING = YES;
				CLANG_WARN_BOOL_CONVERSION = YES;
				CLANG_WARN_COMMA = YES;
				CLANG_WARN_CONSTANT_CONVERSION = YES;
				CLANG_WARN_DEPRECATED_OBJC_IMPLEMENTATIONS = YES;
				CLANG_WARN_DIRECT_OBJC_ISA_USAGE = YES_ERROR;
				CLANG_WARN_DOCUMENTATION_COMMENTS = YES;
				CLANG_WARN_EMPTY_BODY = YES;
				CLANG_WARN_ENUM_CONVERSION = YES;
				CLANG_WARN_INFINITE_RECURSION = YES;
				CLANG_WARN_INT_CONVERSION = YES;
				CLANG_WARN_NON_LITERAL_NULL_CONVERSION = YES;
				CLANG_WARN_OBJC_IMPLICIT_RETAIN_SELF = YES;
				CLANG_WARN_OBJC_LITERAL_CONVERSION = YES;
				CLANG_WARN_OBJC_ROOT_CLASS = YES_ERROR;
				CLANG_WARN_QUOTED_INCLUDE_IN_FRAMEWORK_HEADER = YES;
				CLANG_WARN_RANGE_LOOP_ANALYSIS = YES;
				CLANG_WARN_STRICT_PROTOTYPES = YES;
				CLANG_WARN_SUSPICIOUS_MOVE = YES;
				CLANG_WARN_UNGUARDED_AVAILABILITY = YES_AGGRESSIVE;
				CLANG_WARN_UNREACHABLE_CODE = YES;
				CLANG_WARN__DUPLICATE_METHOD_MATCH = YES;
				COPY_PHASE_STRIP = NO;
				DEBUG_INFORMATION_FORMAT = "dwarf-with-dsym";
				ENABLE_NS_ASSERTIONS = NO;
				ENABLE_STRICT_OBJC_MSGSEND = YES;
				ENABLE_USER_SCRIPT_SANDBOXING = YES;
				GCC_C_LANGUAGE_STANDARD = gnu17;
				GCC_NO_COMMON_BLOCKS = YES;
				GCC_WARN_64_TO_32_BIT_CONVERSION = YES;
				GCC_WARN_ABOUT_RETURN_TYPE = YES_ERROR;
				GCC_WARN_UNDECLARED_SELECTOR = YES;
				GCC_WARN_UNINITIALIZED_AUTOS = YES_AGGRESSIVE;
				GCC_WARN_UNUSED_FUNCTION = YES;
				GCC_WARN_UNUSED_VARIABLE = YES;
				IPHONEOS_DEPLOYMENT_TARGET = 17.0;
				LOCALIZATION_PREFERS_STRING_CATALOGS = YES;
				MTL_ENABLE_DEBUG_INFO = NO;
				MTL_FAST_MATH = YES;
				SDKROOT = iphoneos;
				SWIFT_COMPILATION_MODE = wholemodule;
				VALIDATE_PRODUCT = YES;
			};
			name = Release;
		};
		3A1E3F0C2C00000000000039 /* Debug */ = {
			isa = XCBuildConfiguration;
			buildSettings = {
				ASSETCATALOG_COMPILER_APPICON_NAME = AppIcon;
				ASSETCATALOG_COMPILER_GLOBAL_ACCENT_COLOR_NAME = AccentColor;
				CODE_SIGN_STYLE = Automatic;
				CURRENT_PROJECT_VERSION = 1;
				DEVELOPMENT_ASSET_PATHS = "\"SalonSparkAI/Preview Content\"";
				ENABLE_PREVIEWS = YES;
				GENERATE_INFOPLIST_FILE = YES;
				INFOPLIST_KEY_UIApplicationSceneManifest_Generation = YES;
				INFOPLIST_KEY_UIApplicationSupportsIndirectInputEvents = YES;
				INFOPLIST_KEY_UILaunchScreen_Generation = YES;
				INFOPLIST_KEY_UISupportedInterfaceOrientations = UIInterfaceOrientationPortrait;
				INFOPLIST_KEY_UISupportedInterfaceOrientations_iPad = "UIInterfaceOrientationLandscapeLeft UIInterfaceOrientationLandscapeRight UIInterfaceOrientationPortrait UIInterfaceOrientationPortraitUpsideDown";
				LD_RUNPATH_SEARCH_PATHS = (
					"$(inherited)",
					"@executable_path/Frameworks",
				);
				MARKETING_VERSION = 1.0;
				PRODUCT_BUNDLE_IDENTIFIER = com.salonsparkAI.app;
				PRODUCT_NAME = "$(TARGET_NAME)";
				SWIFT_EMIT_LOC_STRINGS = YES;
				SWIFT_VERSION = 5.0;
				TARGETED_DEVICE_FAMILY = "1,2";
			};
			name = Debug;
		};
		3A1E3F0D2C00000000000040 /* Release */ = {
			isa = XCBuildConfiguration;
			buildSettings = {
				ASSETCATALOG_COMPILER_APPICON_NAME = AppIcon;
				ASSETCATALOG_COMPILER_GLOBAL_ACCENT_COLOR_NAME = AccentColor;
				CODE_SIGN_STYLE = Automatic;
				CURRENT_PROJECT_VERSION = 1;
				DEVELOPMENT_ASSET_PATHS = "\"SalonSparkAI/Preview Content\"";
				ENABLE_PREVIEWS = YES;
				GENERATE_INFOPLIST_FILE = YES;
				INFOPLIST_KEY_UIApplicationSceneManifest_Generation = YES;
				INFOPLIST_KEY_UIApplicationSupportsIndirectInputEvents = YES;
				INFOPLIST_KEY_UILaunchScreen_Generation = YES;
				INFOPLIST_KEY_UISupportedInterfaceOrientations = UIInterfaceOrientationPortrait;
				INFOPLIST_KEY_UISupportedInterfaceOrientations_iPad = "UIInterfaceOrientationLandscapeLeft UIInterfaceOrientationLandscapeRight UIInterfaceOrientationPortrait UIInterfaceOrientationPortraitUpsideDown";
				LD_RUNPATH_SEARCH_PATHS = (
					"$(inherited)",
					"@executable_path/Frameworks",
				);
				MARKETING_VERSION = 1.0;
				PRODUCT_BUNDLE_IDENTIFIER = com.salonsparkAI.app;
				PRODUCT_NAME = "$(TARGET_NAME)";
				SWIFT_EMIT_LOC_STRINGS = YES;
				SWIFT_VERSION = 5.0;
				TARGETED_DEVICE_FAMILY = "1,2";
			};
			name = Release;
		};
/* End XCBuildConfiguration section */

/* Begin XCConfigurationList section */
		3A1E3EF82C00000000000036 /* Build configuration list for PBXProject "SalonSparkAI" */ = {
			isa = XCConfigurationList;
			buildConfigurations = (
				3A1E3F092C00000000000037 /* Debug */,
				3A1E3F0A2C00000000000038 /* Release */,
			);
			defaultConfigurationIsVisible = 0;
			defaultConfigurationName = Release;
		};
		3A1E3F0B2C00000000000032 /* Build configuration list for PBXNativeTarget "SalonSparkAI" */ = {
			isa = XCConfigurationList;
			buildConfigurations = (
				3A1E3F0C2C00000000000039 /* Debug */,
				3A1E3F0D2C00000000000040 /* Release */,
			);
			defaultConfigurationIsVisible = 0;
			defaultConfigurationName = Release;
		};
/* End XCConfigurationList section */
	};
	rootObject = 3A1E3EF52C00000000000035 /* Project object */;
}
